
Microsoft Visual Studio Solution File, Format Version 12.00
# Visual Studio Version 17
VisualStudioVersion = 17.3.32922.545
MinimumVisualStudioVersion = 10.0.40219.1
Project("{9A19103F-16F7-4668-BE54-9A1E7A4F7556}") = "GeoProfs", "GeoProfs\GeoProfs.csproj", "{5496F7C4-910C-4255-B86E-7D0181D537A3}"
EndProject
Global
	GlobalSection(SolutionConfigurationPlatforms) = preSolution
		Debug|Any CPU = Debug|Any CPU
		Release|Any CPU = Release|Any CPU
	EndGlobalSection
	GlobalSection(ProjectConfigurationPlatforms) = postSolution
		{5496F7C4-910C-4255-B86E-7D0181D537A3}.Debug|Any CPU.ActiveCfg = Debug|Any CPU
		{5496F7C4-910C-4255-B86E-7D0181D537A3}.Debug|Any CPU.Build.0 = Debug|Any CPU
		{5496F7C4-910C-4255-B86E-7D0181D537A3}.Release|Any CPU.ActiveCfg = Release|Any CPU
		{5496F7C4-910C-4255-B86E-7D0181D537A3}.Release|Any CPU.Build.0 = Release|Any CPU
	EndGlobalSection
	GlobalSection(SolutionProperties) = preSolution
		HideSolutionNode = FALSE
	EndGlobalSection
	GlobalSection(ExtensibilityGlobals) = postSolution
		SolutionGuid = {5A9FF59F-1652-454C-84C1-F211D980E151}
	EndGlobalSection
EndGlobal
